// !$*UTF8*$!
{
	archiveVersion = 1;
	classes = {
	};
	objectVersion = 46;
	objects = {

/* Begin PBXBuildFile section */
		352E0A541BA7F7E800D1336F /* ThreeViewController.m in Sources */ = {isa = PBXBuildFile; fileRef = 352E0A531BA7F7E800D1336F /* ThreeViewController.m */; };
		352E0A571BA7F7F600D1336F /* FourViewController.m in Sources */ = {isa = PBXBuildFile; fileRef = 352E0A561BA7F7F600D1336F /* FourViewController.m */; };
		352E0A5A1BA7F80300D1336F /* FiveViewController.m in Sources */ = {isa = PBXBuildFile; fileRef = 352E0A591BA7F80300D1336F /* FiveViewController.m */; };
		35CA7F411B74AC4B0031214A /* main.m in Sources */ = {isa = PBXBuildFile; fileRef = 35CA7F401B74AC4B0031214A /* main.m */; };
		35CA7F441B74AC4B0031214A /* AppDelegate.m in Sources */ = {isa = PBXBuildFile; fileRef = 35CA7F431B74AC4B0031214A /* AppDelegate.m */; };
		35CA7F471B74AC4B0031214A /* FirstViewController.m in Sources */ = {isa = PBXBuildFile; fileRef = 35CA7F461B74AC4B0031214A /* FirstViewController.m */; };
		35CA7F4A1B74AC4B0031214A /* SecondViewController.m in Sources */ = {isa = PBXBuildFile; fileRef = 35CA7F491B74AC4B0031214A /* SecondViewController.m */; };
		35CA7F4D1B74AC4B0031214A /* Main.storyboard in Resources */ = {isa = PBXBuildFile; fileRef = 35CA7F4B1B74AC4B0031214A /* Main.storyboard */; };
		35CA7F4F1B74AC4B0031214A /* Images.xcassets in Resources */ = {isa = PBXBuildFile; fileRef = 35CA7F4E1B74AC4B0031214A /* Images.xcassets */; };
		35CA7F521B74AC4B0031214A /* LaunchScreen.xib in Resources */ = {isa = PBXBuildFile; fileRef = 35CA7F501B74AC4B0031214A /* LaunchScreen.xib */; };
		35CA7F5E1B74AC4B0031214A /* TabbarDemoTests.m in Sources */ = {isa = PBXBuildFile; fileRef = 35CA7F5D1B74AC4B0031214A /* TabbarDemoTests.m */; };
		35CA7F691B74AD620031214A /* YWXTabBarVC.m in Sources */ = {isa = PBXBuildFile; fileRef = 35CA7F681B74AD620031214A /* YWXTabBarVC.m */; };
/* End PBXBuildFile section */

/* Begin PBXContainerItemProxy section */
		35CA7F581B74AC4B0031214A /* PBXContainerItemProxy */ = {
			isa = PBXContainerItemProxy;
			containerPortal = 35CA7F331B74AC4A0031214A /* Project object */;
			proxyType = 1;
			remoteGlobalIDString = 35CA7F3A1B74AC4B0031214A;
			remoteInfo = TabbarDemo;
		};
/* End PBXContainerItemProxy section */

/* Begin PBXFileReference section */
		352E0A521BA7F7E800D1336F /* ThreeViewController.h */ = {isa = PBXFileReference; fileEncoding = 4; lastKnownFileType = sourcecode.c.h; path = ThreeViewController.h; sourceTree = "<group>"; };
		352E0A531BA7F7E800D1336F /* ThreeViewController.m */ = {isa = PBXFileReference; fileEncoding = 4; lastKnownFileType = sourcecode.c.objc; path = ThreeViewController.m; sourceTree = "<group>"; };
		352E0A551BA7F7F600D1336F /* FourViewController.h */ = {isa = PBXFileReference; fileEncoding = 4; lastKnownFileType = sourcecode.c.h; path = FourViewController.h; sourceTree = "<group>"; };
		352E0A561BA7F7F600D1336F /* FourViewController.m */ = {isa = PBXFileReference; fileEncoding = 4; lastKnownFileType = sourcecode.c.objc; path = FourViewController.m; sourceTree = "<group>"; };
		352E0A581BA7F80300D1336F /* FiveViewController.h */ = {isa = PBXFileReference; fileEncoding = 4; lastKnownFileType = sourcecode.c.h; path = FiveViewController.h; sourceTree = "<group>"; };
		352E0A591BA7F80300D1336F /* FiveViewController.m */ = {isa = PBXFileReference; fileEncoding = 4; lastKnownFileType = sourcecode.c.objc; path = FiveViewController.m; sourceTree = "<group>"; };
		35CA7F3B1B74AC4B0031214A /* TabbarDemo.app */ = {isa = PBXFileReference; explicitFileType = wrapper.application; includeInIndex = 0; path = TabbarDemo.app; sourceTree = BUILT_PRODUCTS_DIR; };
		35CA7F3F1B74AC4B0031214A /* Info.plist */ = {isa = PBXFileReference; lastKnownFileType = text.plist.xml; path = Info.plist; sourceTree = "<group>"; };
		35CA7F401B74AC4B0031214A /* main.m */ = {isa = PBXFileReference; lastKnownFileType = sourcecode.c.objc; path = main.m; sourceTree = "<group>"; };
		35CA7F421B74AC4B0031214A /* AppDelegate.h */ = {isa = PBXFileReference; lastKnownFileType = sourcecode.c.h; path = AppDelegate.h; sourceTree = "<group>"; };
		35CA7F431B74AC4B0031214A /* AppDelegate.m */ = {isa = PBXFileReference; lastKnownFileType = sourcecode.c.objc; path = AppDelegate.m; sourceTree = "<group>"; };
		35CA7F451B74AC4B0031214A /* FirstViewController.h */ = {isa = PBXFileReference; lastKnownFileType = sourcecode.c.h; path = FirstViewController.h; sourceTree = "<group>"; };
		35CA7F461B74AC4B0031214A /* FirstViewController.m */ = {isa = PBXFileReference; lastKnownFileType = sourcecode.c.objc; path = FirstViewController.m; sourceTree = "<group>"; };
		35CA7F481B74AC4B0031214A /* SecondViewController.h */ = {isa = PBXFileReference; lastKnownFileType = sourcecode.c.h; path = SecondViewController.h; sourceTree = "<group>"; };
		35CA7F491B74AC4B0031214A /* SecondViewController.m */ = {isa = PBXFileReference; lastKnownFileType = sourcecode.c.objc; path = SecondViewController.m; sourceTree = "<group>"; };
		35CA7F4C1B74AC4B0031214A /* Base */ = {isa = PBXFileReference; lastKnownFileType = file.storyboard; name = Base; path = Base.lproj/Main.storyboard; sourceTree = "<group>"; };
		35CA7F4E1B74AC4B0031214A /* Images.xcassets */ = {isa = PBXFileReference; lastKnownFileType = folder.assetcatalog; path = Images.xcassets; sourceTree = "<group>"; };
		35CA7F511B74AC4B0031214A /* Base */ = {isa = PBXFileReference; lastKnownFileType = file.xib; name = Base; path = Base.lproj/LaunchScreen.xib; sourceTree = "<group>"; };
		35CA7F571B74AC4B0031214A /* TabbarDemoTests.xctest */ = {isa = PBXFileReference; explicitFileType = wrapper.cfbundle; includeInIndex = 0; path = TabbarDemoTests.xctest; sourceTree = BUILT_PRODUCTS_DIR; };
		35CA7F5C1B74AC4B0031214A /* Info.plist */ = {isa = PBXFileReference; lastKnownFileType = text.plist.xml; path = Info.plist; sourceTree = "<group>"; };
		35CA7F5D1B74AC4B0031214A /* TabbarDemoTests.m */ = {isa = PBXFileReference; lastKnownFileType = sourcecode.c.objc; path = TabbarDemoTests.m; sourceTree = "<group>"; };
		35CA7F671B74AD620031214A /* YWXTabBarVC.h */ = {isa = PBXFileReference; fileEncoding = 4; lastKnownFileType = sourcecode.c.h; path = YWXTabBarVC.h; sourceTree = "<group>"; };
		35CA7F681B74AD620031214A /* YWXTabBarVC.m */ = {isa = PBXFileReference; fileEncoding = 4; lastKnownFileType = sourcecode.c.objc; path = YWXTabBarVC.m; sourceTree = "<group>"; };
/* End PBXFileReference section */

/* Begin PBXFrameworksBuildPhase section */
		35CA7F381B74AC4B0031214A /* Frameworks */ = {
			isa = PBXFrameworksBuildPhase;
			buildActionMask = 2147483647;
			files = (
			);
			runOnlyForDeploymentPostprocessing = 0;
		};
		35CA7F541B74AC4B0031214A /* Frameworks */ = {
			isa = PBXFrameworksBuildPhase;
			buildActionMask = 2147483647;
			files = (
			);
			runOnlyForDeploymentPostprocessing = 0;
		};
/* End PBXFrameworksBuildPhase section */

/* Begin PBXGroup section */
		35CA7F321B74AC4A0031214A = {
			isa = PBXGroup;
			children = (
				35CA7F3D1B74AC4B0031214A /* TabbarDemo */,
				35CA7F5A1B74AC4B0031214A /* TabbarDemoTests */,
				35CA7F3C1B74AC4B0031214A /* Products */,
			);
			sourceTree = "<group>";
		};
		35CA7F3C1B74AC4B0031214A /* Products */ = {
			isa = PBXGroup;
			children = (
				35CA7F3B1B74AC4B0031214A /* TabbarDemo.app */,
				35CA7F571B74AC4B0031214A /* TabbarDemoTests.xctest */,
			);
			name = Products;
			sourceTree = "<group>";
		};
		35CA7F3D1B74AC4B0031214A /* TabbarDemo */ = {
			isa = PBXGroup;
			children = (
				35CA7F421B74AC4B0031214A /* AppDelegate.h */,
				35CA7F431B74AC4B0031214A /* AppDelegate.m */,
				35CA7F451B74AC4B0031214A /* FirstViewController.h */,
				35CA7F461B74AC4B0031214A /* FirstViewController.m */,
				35CA7F481B74AC4B0031214A /* SecondViewController.h */,
				35CA7F491B74AC4B0031214A /* SecondViewController.m */,
				352E0A521BA7F7E800D1336F /* ThreeViewController.h */,
				352E0A531BA7F7E800D1336F /* ThreeViewController.m */,
				352E0A551BA7F7F600D1336F /* FourViewController.h */,
				352E0A561BA7F7F600D1336F /* FourViewController.m */,
				352E0A581BA7F80300D1336F /* FiveViewController.h */,
				352E0A591BA7F80300D1336F /* FiveViewController.m */,
				35CA7F671B74AD620031214A /* YWXTabBarVC.h */,
				35CA7F681B74AD620031214A /* YWXTabBarVC.m */,
				35CA7F4B1B74AC4B0031214A /* Main.storyboard */,
				35CA7F4E1B74AC4B0031214A /* Images.xcassets */,
				35CA7F501B74AC4B0031214A /* LaunchScreen.xib */,
				35CA7F3E1B74AC4B0031214A /* Supporting Files */,
			);
			path = TabbarDemo;
			sourceTree = "<group>";
		};
		35CA7F3E1B74AC4B0031214A /* Supporting Files */ = {
			isa = PBXGroup;
			children = (
				35CA7F3F1B74AC4B0031214A /* Info.plist */,
				35CA7F401B74AC4B0031214A /* main.m */,
			);
			name = "Supporting Files";
			sourceTree = "<group>";
		};
		35CA7F5A1B74AC4B0031214A /* TabbarDemoTests */ = {
			isa = PBXGroup;
			children = (
				35CA7F5D1B74AC4B0031214A /* TabbarDemoTests.m */,
				35CA7F5B1B74AC4B0031214A /* Supporting Files */,
			);
			path = TabbarDemoTests;
			sourceTree = "<group>";
		};
		35CA7F5B1B74AC4B0031214A /* Supporting Files */ = {
			isa = PBXGroup;
			children = (
				35CA7F5C1B74AC4B0031214A /* Info.plist */,
			);
			name = "Supporting Files";
			sourceTree = "<group>";
		};
/* End PBXGroup section */

/* Begin PBXNativeTarget section */
		35CA7F3A1B74AC4B0031214A /* TabbarDemo */ = {
			isa = PBXNativeTarget;
			buildConfigurationList = 35CA7F611B74AC4B0031214A /* Build configuration list for PBXNativeTarget "TabbarDemo" */;
			buildPhases = (
				35CA7F371B74AC4B0031214A /* Sources */,
				35CA7F381B74AC4B0031214A /* Frameworks */,
				35CA7F391B74AC4B0031214A /* Resources */,
			);
			buildRules = (
			);
			dependencies = (
			);
			name = TabbarDemo;
			productName = TabbarDemo;
			productReference = 35CA7F3B1B74AC4B0031214A /* TabbarDemo.app */;
			productType = "com.apple.product-type.application";
		};
		35CA7F561B74AC4B0031214A /* TabbarDemoTests */ = {
			isa = PBXNativeTarget;
			buildConfigurationList = 35CA7F641B74AC4B0031214A /* Build configuration list for PBXNativeTarget "TabbarDemoTests" */;
			buildPhases = (
				35CA7F531B74AC4B0031214A /* Sources */,
				35CA7F541B74AC4B0031214A /* Frameworks */,
				35CA7F551B74AC4B0031214A /* Resources */,
			);
			buildRules = (
			);
			dependencies = (
				35CA7F591B74AC4B0031214A /* PBXTargetDependency */,
			);
			name = TabbarDemoTests;
			productName = TabbarDemoTests;
			productReference = 35CA7F571B74AC4B0031214A /* TabbarDemoTests.xctest */;
			productType = "com.apple.product-type.bundle.unit-test";
		};
/* End PBXNativeTarget section */

/* Begin PBXProject section */
		35CA7F331B74AC4A0031214A /* Project object */ = {
			isa = PBXProject;
			attributes = {
				LastUpgradeCheck = 0640;
				ORGANIZATIONNAME = mygame;
				TargetAttributes = {
					35CA7F3A1B74AC4B0031214A = {
						CreatedOnToolsVersion = 6.4;
					};
					35CA7F561B74AC4B0031214A = {
						CreatedOnToolsVersion = 6.4;
						TestTargetID = 35CA7F3A1B74AC4B0031214A;
					};
				};
			};
			buildConfigurationList = 35CA7F361B74AC4A0031214A /* Build configuration list for PBXProject "TabbarDemo" */;
			compatibilityVersion = "Xcode 3.2";
			developmentRegion = English;
			hasScannedForEncodings = 0;
			knownRegions = (
				en,
				Base,
			);
			mainGroup = 35CA7F321B74AC4A0031214A;
			productRefGroup = 35CA7F3C1B74AC4B0031214A /* Products */;
			projectDirPath = "";
			projectRoot = "";
			targets = (
				35CA7F3A1B74AC4B0031214A /* TabbarDemo */,
				35CA7F561B74AC4B0031214A /* TabbarDemoTests */,
			);
		};
/* End PBXProject section */

/* Begin PBXResourcesBuildPhase section */
		35CA7F391B74AC4B0031214A /* Resources */ = {
			isa = PBXResourcesBuildPhase;
			buildActionMask = 2147483647;
			files = (
				35CA7F4D1B74AC4B0031214A /* Main.storyboard in Resources */,
				35CA7F521B74AC4B0031214A /* LaunchScreen.xib in Resources */,
				35CA7F4F1B74AC4B0031214A /* Images.xcassets in Resources */,
			);
			runOnlyForDeploymentPostprocessing = 0;
		};
		35CA7F551B74AC4B0031214A /* Resources */ = {
			isa = PBXResourcesBuildPhase;
			buildActionMask = 2147483647;
			files = (
			);
			runOnlyForDeploymentPostprocessing = 0;
		};
/* End PBXResourcesBuildPhase section */

/* Begin PBXSourcesBuildPhase section */
		35CA7F371B74AC4B0031214A /* Sources */ = {
			isa = PBXSourcesBuildPhase;
			buildActionMask = 2147483647;
			files = (
				352E0A5A1BA7F80300D1336F /* FiveViewController.m in Sources */,
				352E0A571BA7F7F600D1336F /* FourViewController.m in Sources */,
				35CA7F4A1B74AC4B0031214A /* SecondViewController.m in Sources */,
				35CA7F441B74AC4B0031214A /* AppDelegate.m in Sources */,
				35CA7F471B74AC4B0031214A /* FirstViewController.m in Sources */,
				352E0A541BA7F7E800D1336F /* ThreeViewController.m in Sources */,
				35CA7F411B74AC4B0031214A /* main.m in Sources */,
				35CA7F691B74AD620031214A /* YWXTabBarVC.m in Sources */,
			);
			runOnlyForDeploymentPostprocessing = 0;
		};
		35CA7F531B74AC4B0031214A /* Sources */ = {
			isa = PBXSourcesBuildPhase;
			buildActionMask = 2147483647;
			files = (
				35CA7F5E1B74AC4B0031214A /* TabbarDemoTests.m in Sources */,
			);
			runOnlyForDeploymentPostprocessing = 0;
		};
/* End PBXSourcesBuildPhase section */

/* Begin PBXTargetDependency section */
		35CA7F591B74AC4B0031214A /* PBXTargetDependency */ = {
			isa = PBXTargetDependency;
			target = 35CA7F3A1B74AC4B0031214A /* TabbarDemo */;
			targetProxy = 35CA7F581B74AC4B0031214A /* PBXContainerItemProxy */;
		};
/* End PBXTargetDependency section */

/* Begin PBXVariantGroup section */
		35CA7F4B1B74AC4B0031214A /* Main.storyboard */ = {
			isa = PBXVariantGroup;
			children = (
				35CA7F4C1B74AC4B0031214A /* Base */,
			);
			name = Main.storyboard;
			sourceTree = "<group>";
		};
		35CA7F501B74AC4B0031214A /* LaunchScreen.xib */ = {
			isa = PBXVariantGroup;
			children = (
				35CA7F511B74AC4B0031214A /* Base */,
			);
			name = LaunchScreen.xib;
			sourceTree = "<group>";
		};
/* End PBXVariantGroup section */

/* Begin XCBuildConfiguration section */
		35CA7F5F1B74AC4B0031214A /* Debug */ = {
			isa = XCBuildConfiguration;
			buildSettings = {
				ALWAYS_SEARCH_USER_PATHS = NO;
				CLANG_CXX_LANGUAGE_STANDARD = "gnu++0x";
				CLANG_CXX_LIBRARY = "libc++";
				CLANG_ENABLE_MODULES = YES;
				CLANG_ENABLE_OBJC_ARC = YES;
				CLANG_WARN_BOOL_CONVERSION = YES;
				CLANG_WARN_CONSTANT_CONVERSION = YES;
				CLANG_WARN_DIRECT_OBJC_ISA_USAGE = YES_ERROR;
				CLANG_WARN_EMPTY_BODY = YES;
				CLANG_WARN_ENUM_CONVERSION = YES;
				CLANG_WARN_INT_CONVERSION = YES;
				CLANG_WARN_OBJC_ROOT_CLASS = YES_ERROR;
				CLANG_WARN_UNREACHABLE_CODE = YES;
				CLANG_WARN__DUPLICATE_METHOD_MATCH = YES;
				"CODE_SIGN_IDENTITY[sdk=iphoneos*]" = "iPhone Developer";
				COPY_PHASE_STRIP = NO;
				DEBUG_INFORMATION_FORMAT = "dwarf-with-dsym";
				ENABLE_STRICT_OBJC_MSGSEND = YES;
				GCC_C_LANGUAGE_STANDARD = gnu99;
				GCC_DYNAMIC_NO_PIC = NO;
				GCC_NO_COMMON_BLOCKS = YES;
				GCC_OPTIMIZATION_LEVEL = 0;
				GCC_PREPROCESSOR_DEFINITIONS = (
					"DEBUG=1",
					"$(inherited)",
				);
				GCC_SYMBOLS_PRIVATE_EXTERN = NO;
				GCC_WARN_64_TO_32_BIT_CONVERSION = YES;
				GCC_WARN_ABOUT_RETURN_TYPE = YES_ERROR;
				GCC_WARN_UNDECLARED_SELECTOR = YES;
				GCC_WARN_UNINITIALIZED_AUTOS = YES_AGGRESSIVE;
				GCC_WARN_UNUSED_FUNCTION = YES;
				GCC_WARN_UNUSED_VARIABLE = YES;
				IPHONEOS_DEPLOYMENT_TARGET = 8.4;
				MTL_ENABLE_DEBUG_INFO = YES;
				ONLY_ACTIVE_ARCH = YES;
				SDKROOT = iphoneos;
			};
			name = Debug;
		};
		35CA7F601B74AC4B0031214A /* Release */ = {
			isa = XCBuildConfiguration;
			buildSettings = {
				ALWAYS_SEARCH_USER_PATHS = NO;
				CLANG_CXX_LANGUAGE_STANDARD = "gnu++0x";
				CLANG_CXX_LIBRARY = "libc++";
				CLANG_ENABLE_MODULES = YES;
				CLANG_ENABLE_OBJC_ARC = YES;
				CLANG_WARN_BOOL_CONVERSION = YES;
				CLANG_WARN_CONSTANT_CONVERSION = YES;
				CLANG_WARN_DIRECT_OBJC_ISA_USAGE = YES_ERROR;
				CLANG_WARN_EMPTY_BODY = YES;
				CLANG_WARN_ENUM_CONVERSION = YES;
				CLANG_WARN_INT_CONVERSION = YES;
				CLANG_WARN_OBJC_ROOT_CLASS = YES_ERROR;
				CLANG_WARN_UNREACHABLE_CODE = YES;
				CLANG_WARN__DUPLICATE_METHOD_MATCH = YES;
				"CODE_SIGN_IDENTITY[sdk=iphoneos*]" = "iPhone Developer";
				COPY_PHASE_STRIP = NO;
				DEBUG_INFORMATION_FORMAT = "dwarf-with-dsym";
				ENABLE_NS_ASSERTIONS = NO;
				ENABLE_STRICT_OBJC_MSGSEND = YES;
				GCC_C_LANGUAGE_STANDARD = gnu99;
				GCC_NO_COMMON_BLOCKS = YES;
				GCC_WARN_64_TO_32_BIT_CONVERSION = YES;
				GCC_WARN_ABOUT_RETURN_TYPE = YES_ERROR;
				GCC_WARN_UNDECLARED_SELECTOR = YES;
				GCC_WARN_UNINITIALIZED_AUTOS = YES_AGGRESSIVE;
				GCC_WARN_UNUSED_FUNCTION = YES;
				GCC_WARN_UNUSED_VARIABLE = YES;
				IPHONEOS_DEPLOYMENT_TARGET = 8.4;
				MTL_ENABLE_DEBUG_INFO = NO;
				SDKROOT = iphoneos;
				VALIDATE_PRODUCT = YES;
			};
			name = Release;
		};
		35CA7F621B74AC4B0031214A /* Debug */ = {
			isa = XCBuildConfiguration;
			buildSettings = {
				ASSETCATALOG_COMPILER_APPICON_NAME = AppIcon;
				ASSETCATALOG_COMPILER_LAUNCHIMAGE_NAME = LaunchImage;
				INFOPLIST_FILE = TabbarDemo/Info.plist;
				IPHONEOS_DEPLOYMENT_TARGET = 7.0;
				LD_RUNPATH_SEARCH_PATHS = "$(inherited) @executable_path/Frameworks";
				PRODUCT_NAME = "$(TARGET_NAME)";
			};
			name = Debug;
		};
		35CA7F631B74AC4B0031214A /* Release */ = {
			isa = XCBuildConfiguration;
			buildSettings = {
				ASSETCATALOG_COMPILER_APPICON_NAME = AppIcon;
				ASSETCATALOG_COMPILER_LAUNCHIMAGE_NAME = LaunchImage;
				INFOPLIST_FILE = TabbarDemo/Info.plist;
				IPHONEOS_DEPLOYMENT_TARGET = 7.0;
				LD_RUNPATH_SEARCH_PATHS = "$(inherited) @executable_path/Frameworks";
				PRODUCT_NAME = "$(TARGET_NAME)";
			};
			name = Release;
		};
		35CA7F651B74AC4B0031214A /* Debug */ = {
			isa = XCBuildConfiguration;
			buildSettings = {
				BUNDLE_LOADER = "$(TEST_HOST)";
				FRAMEWORK_SEARCH_PATHS = (
					"$(SDKROOT)/Developer/Library/Frameworks",
					"$(inherited)",
				);
				GCC_PREPROCESSOR_DEFINITIONS = (
					"DEBUG=1",
					"$(inherited)",
				);
				INFOPLIST_FILE = TabbarDemoTests/Info.plist;
				LD_RUNPATH_SEARCH_PATHS = "$(inherited) @executable_path/Frameworks @loader_path/Frameworks";
				PRODUCT_NAME = "$(TARGET_NAME)";
				TEST_HOST = "$(BUILT_PRODUCTS_DIR)/TabbarDemo.app/TabbarDemo";
			};
			name = Debug;
		};
		35CA7F661B74AC4B0031214A /* Release */ = {
			isa = XCBuildConfiguration;
			buildSettings = {
				BUNDLE_LOADER = "$(TEST_HOST)";
				FRAMEWORK_SEARCH_PATHS = (
					"$(SDKROOT)/Developer/Library/Frameworks",
					"$(inherited)",
				);
				INFOPLIST_FILE = TabbarDemoTests/Info.plist;
				LD_RUNPATH_SEARCH_PATHS = "$(inherited) @executable_path/Frameworks @loader_path/Frameworks";
				PRODUCT_NAME = "$(TARGET_NAME)";
				TEST_HOST = "$(BUILT_PRODUCTS_DIR)/TabbarDemo.app/TabbarDemo";
			};
			name = Release;
		};
/* End XCBuildConfiguration section */

/* Begin XCConfigurationList section */
		35CA7F361B74AC4A0031214A /* Build configuration list for PBXProject "TabbarDemo" */ = {
			isa = XCConfigurationList;
			buildConfigurations = (
				35CA7F5F1B74AC4B0031214A /* Debug */,
				35CA7F601B74AC4B0031214A /* Release */,
			);
			defaultConfigurationIsVisible = 0;
			defaultConfigurationName = Release;
		};
		35CA7F611B74AC4B0031214A /* Build configuration list for PBXNativeTarget "TabbarDemo" */ = {
			isa = XCConfigurationList;
			buildConfigurations = (
				35CA7F621B74AC4B0031214A /* Debug */,
				35CA7F631B74AC4B0031214A /* Release */,
			);
			defaultConfigurationIsVisible = 0;
			defaultConfigurationName = Release;
		};
		35CA7F641B74AC4B0031214A /* Build configuration list for PBXNativeTarget "TabbarDemoTests" */ = {
			isa = XCConfigurationList;
			buildConfigurations = (
				35CA7F651B74AC4B0031214A /* Debug */,
				35CA7F661B74AC4B0031214A /* Release */,
			);
			defaultConfigurationIsVisible = 0;
			defaultConfigurationName = Release;
		};
/* End XCConfigurationList section */
	};
	rootObject = 35CA7F331B74AC4A0031214A /* Project object */;
}
